
Microsoft Visual Studio Solution File, Format Version 12.00
# Visual Studio 15
VisualStudioVersion = 15.0.27004.2002
MinimumVisualStudioVersion = 10.0.40219.1
Project("{FAE04EC0-301F-11D3-BF4B-00C04F79EFBC}") = "ActiveDirectoryGroupsUser", "ActiveDirectoryGroupsUser\ActiveDirectoryGroupsUser.csproj", "{FB6A7955-27B5-4AE8-858B-3A3F431021C9}"
EndProject
Global
	GlobalSection(SolutionConfigurationPlatforms) = preSolution
		Debug|Any CPU = Debug|Any CPU
		Release|Any CPU = Release|Any CPU
	EndGlobalSection
	GlobalSection(ProjectConfigurationPlatforms) = postSolution
		{FB6A7955-27B5-4AE8-858B-3A3F431021C9}.Debug|Any CPU.ActiveCfg = Debug|Any CPU
		{FB6A7955-27B5-4AE8-858B-3A3F431021C9}.Debug|Any CPU.Build.0 = Debug|Any CPU
		{FB6A7955-27B5-4AE8-858B-3A3F431021C9}.Release|Any CPU.ActiveCfg = Release|Any CPU
		{FB6A7955-27B5-4AE8-858B-3A3F431021C9}.Release|Any CPU.Build.0 = Release|Any CPU
	EndGlobalSection
	GlobalSection(SolutionProperties) = preSolution
		HideSolutionNode = FALSE
	EndGlobalSection
	GlobalSection(ExtensibilityGlobals) = postSolution
		SolutionGuid = {59D1CD79-5276-4290-AC3B-22565C48AF7D}
	EndGlobalSection
EndGlobal
